
Microsoft Visual Studio Solution File, Format Version 12.00
# Visual Studio Version 17
VisualStudioVersion = 17.8.34330.188
MinimumVisualStudioVersion = 10.0.40219.1
Project("{FAE04EC0-301F-11D3-BF4B-00C04F79EFBC}") = "registration", "registration\registration.csproj", "{207BC86C-AA16-4DAD-95F8-2A9E8C33E6B3}"
EndProject
Project("{FAE04EC0-301F-11D3-BF4B-00C04F79EFBC}") = "TestRegistration", "TestRegistration\TestRegistration.csproj", "{A2CEE25B-70DC-4D36-BB1C-496E2A00C7D0}"
EndProject
Global
	GlobalSection(SolutionConfigurationPlatforms) = preSolution
		Debug|Any CPU = Debug|Any CPU
		Release|Any CPU = Release|Any CPU
	EndGlobalSection
	GlobalSection(ProjectConfigurationPlatforms) = postSolution
		{207BC86C-AA16-4DAD-95F8-2A9E8C33E6B3}.Debug|Any CPU.ActiveCfg = Debug|Any CPU
		{207BC86C-AA16-4DAD-95F8-2A9E8C33E6B3}.Debug|Any CPU.Build.0 = Debug|Any CPU
		{207BC86C-AA16-4DAD-95F8-2A9E8C33E6B3}.Release|Any CPU.ActiveCfg = Release|Any CPU
		{207BC86C-AA16-4DAD-95F8-2A9E8C33E6B3}.Release|Any CPU.Build.0 = Release|Any CPU
		{A2CEE25B-70DC-4D36-BB1C-496E2A00C7D0}.Debug|Any CPU.ActiveCfg = Debug|Any CPU
		{A2CEE25B-70DC-4D36-BB1C-496E2A00C7D0}.Debug|Any CPU.Build.0 = Debug|Any CPU
		{A2CEE25B-70DC-4D36-BB1C-496E2A00C7D0}.Release|Any CPU.ActiveCfg = Release|Any CPU
		{A2CEE25B-70DC-4D36-BB1C-496E2A00C7D0}.Release|Any CPU.Build.0 = Release|Any CPU
	EndGlobalSection
	GlobalSection(SolutionProperties) = preSolution
		HideSolutionNode = FALSE
	EndGlobalSection
	GlobalSection(ExtensibilityGlobals) = postSolution
		SolutionGuid = {FCFCB09A-7C28-4909-9080-EB17F9251CDA}
	EndGlobalSection
EndGlobal
